// !$*UTF8*$!
{
	archiveVersion = 1;
	classes = {
	};
	objectVersion = 56;
	objects = {

/* Begin PBXBuildFile section */
		1F7DFC4A2C951F71001965FC /* chuggachuggaApp.swift in Sources */ = {isa = PBXBuildFile; fileRef = 1F7DFC492C951F71001965FC /* chuggachuggaApp.swift */; };
		1F7DFC4C2C951F71001965FC /* ContentView.swift in Sources */ = {isa = PBXBuildFile; fileRef = 1F7DFC4B2C951F71001965FC /* ContentView.swift */; };
		1F7DFC4E2C951F74001965FC /* Assets.xcassets in Resources */ = {isa = PBXBuildFile; fileRef = 1F7DFC4D2C951F74001965FC /* Assets.xcassets */; };
		1F7DFC512C951F74001965FC /* Preview Assets.xcassets in Resources */ = {isa = PBXBuildFile; fileRef = 1F7DFC502C951F74001965FC /* Preview Assets.xcassets */; };
		1F7DFC5B2C951F74001965FC /* chuggachuggaTests.swift in Sources */ = {isa = PBXBuildFile; fileRef = 1F7DFC5A2C951F74001965FC /* chuggachuggaTests.swift */; };
		1F7DFC652C951F74001965FC /* chuggachuggaUITests.swift in Sources */ = {isa = PBXBuildFile; fileRef = 1F7DFC642C951F74001965FC /* chuggachuggaUITests.swift */; };
		1F7DFC672C951F74001965FC /* chuggachuggaUITestsLaunchTests.swift in Sources */ = {isa = PBXBuildFile; fileRef = 1F7DFC662C951F74001965FC /* chuggachuggaUITestsLaunchTests.swift */; };
		23A40A312C95F09A00D05746 /* PlayerSettings.swift in Sources */ = {isa = PBXBuildFile; fileRef = 23A40A2F2C95F09A00D05746 /* PlayerSettings.swift */; };
		23A40A322C95F09A00D05746 /* PlayersView.swift in Sources */ = {isa = PBXBuildFile; fileRef = 23A40A302C95F09A00D05746 /* PlayersView.swift */; };
		23A40A332C95F09A00D05746 /* GamesView.swift in Sources */ = {isa = PBXBuildFile; fileRef = 23A40A2D2C95F09A00D05746 /* GamesView.swift */; };
		23A40A342C95F09A00D05746 /* PlayerScoresView.swift in Sources */ = {isa = PBXBuildFile; fileRef = 23A40A2E2C95F09A00D05746 /* PlayerScoresView.swift */; };
		23A40A352C95F09A00D05746 /* CameraView.swift in Sources */ = {isa = PBXBuildFile; fileRef = 23A40A2B2C95F09A00D05746 /* CameraView.swift */; };
		23A40A7A2C9657EF00D05746 /* CameraViewController.swift in Sources */ = {isa = PBXBuildFile; fileRef = 23A40A792C9657EF00D05746 /* CameraViewController.swift */; };
/* End PBXBuildFile section */

/* Begin PBXContainerItemProxy section */
		1F7DFC572C951F74001965FC /* PBXContainerItemProxy */ = {
			isa = PBXContainerItemProxy;
			containerPortal = 1F7DFC3E2C951F71001965FC /* Project object */;
			proxyType = 1;
			remoteGlobalIDString = 1F7DFC452C951F71001965FC;
			remoteInfo = chuggachugga;
		};
		1F7DFC612C951F74001965FC /* PBXContainerItemProxy */ = {
			isa = PBXContainerItemProxy;
			containerPortal = 1F7DFC3E2C951F71001965FC /* Project object */;
			proxyType = 1;
			remoteGlobalIDString = 1F7DFC452C951F71001965FC;
			remoteInfo = chuggachugga;
		};
/* End PBXContainerItemProxy section */

/* Begin PBXFileReference section */
		1F7DFC462C951F71001965FC /* chuggachugga.app */ = {isa = PBXFileReference; explicitFileType = wrapper.application; includeInIndex = 0; path = chuggachugga.app; sourceTree = BUILT_PRODUCTS_DIR; };
		1F7DFC492C951F71001965FC /* chuggachuggaApp.swift */ = {isa = PBXFileReference; lastKnownFileType = sourcecode.swift; path = chuggachuggaApp.swift; sourceTree = "<group>"; };
		1F7DFC4B2C951F71001965FC /* ContentView.swift */ = {isa = PBXFileReference; lastKnownFileType = sourcecode.swift; path = ContentView.swift; sourceTree = "<group>"; };
		1F7DFC4D2C951F74001965FC /* Assets.xcassets */ = {isa = PBXFileReference; lastKnownFileType = folder.assetcatalog; path = Assets.xcassets; sourceTree = "<group>"; };
		1F7DFC502C951F74001965FC /* Preview Assets.xcassets */ = {isa = PBXFileReference; lastKnownFileType = folder.assetcatalog; path = "Preview Assets.xcassets"; sourceTree = "<group>"; };
		1F7DFC562C951F74001965FC /* chuggachuggaTests.xctest */ = {isa = PBXFileReference; explicitFileType = wrapper.cfbundle; includeInIndex = 0; path = chuggachuggaTests.xctest; sourceTree = BUILT_PRODUCTS_DIR; };
		1F7DFC5A2C951F74001965FC /* chuggachuggaTests.swift */ = {isa = PBXFileReference; lastKnownFileType = sourcecode.swift; path = chuggachuggaTests.swift; sourceTree = "<group>"; };
		1F7DFC602C951F74001965FC /* chuggachuggaUITests.xctest */ = {isa = PBXFileReference; explicitFileType = wrapper.cfbundle; includeInIndex = 0; path = chuggachuggaUITests.xctest; sourceTree = BUILT_PRODUCTS_DIR; };
		1F7DFC642C951F74001965FC /* chuggachuggaUITests.swift */ = {isa = PBXFileReference; lastKnownFileType = sourcecode.swift; path = chuggachuggaUITests.swift; sourceTree = "<group>"; };
		1F7DFC662C951F74001965FC /* chuggachuggaUITestsLaunchTests.swift */ = {isa = PBXFileReference; lastKnownFileType = sourcecode.swift; path = chuggachuggaUITestsLaunchTests.swift; sourceTree = "<group>"; };
		23A40A2B2C95F09A00D05746 /* CameraView.swift */ = {isa = PBXFileReference; lastKnownFileType = sourcecode.swift; path = CameraView.swift; sourceTree = "<group>"; };
		23A40A2D2C95F09A00D05746 /* GamesView.swift */ = {isa = PBXFileReference; lastKnownFileType = sourcecode.swift; path = GamesView.swift; sourceTree = "<group>"; };
		23A40A2E2C95F09A00D05746 /* PlayerScoresView.swift */ = {isa = PBXFileReference; lastKnownFileType = sourcecode.swift; path = PlayerScoresView.swift; sourceTree = "<group>"; };
		23A40A2F2C95F09A00D05746 /* PlayerSettings.swift */ = {isa = PBXFileReference; lastKnownFileType = sourcecode.swift; path = PlayerSettings.swift; sourceTree = "<group>"; };
		23A40A302C95F09A00D05746 /* PlayersView.swift */ = {isa = PBXFileReference; lastKnownFileType = sourcecode.swift; path = PlayersView.swift; sourceTree = "<group>"; };
		23A40A642C961EC800D05746 /* Info.plist */ = {isa = PBXFileReference; lastKnownFileType = text.plist.xml; path = Info.plist; sourceTree = "<group>"; };
		23A40A792C9657EF00D05746 /* CameraViewController.swift */ = {isa = PBXFileReference; lastKnownFileType = sourcecode.swift; path = CameraViewController.swift; sourceTree = "<group>"; };
/* End PBXFileReference section */

/* Begin PBXFrameworksBuildPhase section */
		1F7DFC432C951F71001965FC /* Frameworks */ = {
			isa = PBXFrameworksBuildPhase;
			buildActionMask = 2147483647;
			files = (
			);
			runOnlyForDeploymentPostprocessing = 0;
		};
		1F7DFC532C951F74001965FC /* Frameworks */ = {
			isa = PBXFrameworksBuildPhase;
			buildActionMask = 2147483647;
			files = (
			);
			runOnlyForDeploymentPostprocessing = 0;
		};
		1F7DFC5D2C951F74001965FC /* Frameworks */ = {
			isa = PBXFrameworksBuildPhase;
			buildActionMask = 2147483647;
			files = (
			);
			runOnlyForDeploymentPostprocessing = 0;
		};
/* End PBXFrameworksBuildPhase section */

/* Begin PBXGroup section */
		1F7DFC3D2C951F70001965FC = {
			isa = PBXGroup;
			children = (
				1F7DFC482C951F71001965FC /* chuggachugga */,
				1F7DFC592C951F74001965FC /* chuggachuggaTests */,
				1F7DFC632C951F74001965FC /* chuggachuggaUITests */,
				1F7DFC472C951F71001965FC /* Products */,
			);
			sourceTree = "<group>";
		};
		1F7DFC472C951F71001965FC /* Products */ = {
			isa = PBXGroup;
			children = (
				1F7DFC462C951F71001965FC /* chuggachugga.app */,
				1F7DFC562C951F74001965FC /* chuggachuggaTests.xctest */,
				1F7DFC602C951F74001965FC /* chuggachuggaUITests.xctest */,
			);
			name = Products;
			sourceTree = "<group>";
		};
		1F7DFC482C951F71001965FC /* chuggachugga */ = {
			isa = PBXGroup;
			children = (
				23A40A642C961EC800D05746 /* Info.plist */,
				23A40A2B2C95F09A00D05746 /* CameraView.swift */,
				23A40A2D2C95F09A00D05746 /* GamesView.swift */,
				23A40A2E2C95F09A00D05746 /* PlayerScoresView.swift */,
				23A40A2F2C95F09A00D05746 /* PlayerSettings.swift */,
				23A40A302C95F09A00D05746 /* PlayersView.swift */,
				1F7DFC492C951F71001965FC /* chuggachuggaApp.swift */,
				1F7DFC4B2C951F71001965FC /* ContentView.swift */,
				1F7DFC4D2C951F74001965FC /* Assets.xcassets */,
				1F7DFC4F2C951F74001965FC /* Preview Content */,
				23A40A792C9657EF00D05746 /* CameraViewController.swift */,
			);
			path = chuggachugga;
			sourceTree = "<group>";
		};
		1F7DFC4F2C951F74001965FC /* Preview Content */ = {
			isa = PBXGroup;
			children = (
				1F7DFC502C951F74001965FC /* Preview Assets.xcassets */,
			);
			path = "Preview Content";
			sourceTree = "<group>";
		};
		1F7DFC592C951F74001965FC /* chuggachuggaTests */ = {
			isa = PBXGroup;
			children = (
				1F7DFC5A2C951F74001965FC /* chuggachuggaTests.swift */,
			);
			path = chuggachuggaTests;
			sourceTree = "<group>";
		};
		1F7DFC632C951F74001965FC /* chuggachuggaUITests */ = {
			isa = PBXGroup;
			children = (
				1F7DFC642C951F74001965FC /* chuggachuggaUITests.swift */,
				1F7DFC662C951F74001965FC /* chuggachuggaUITestsLaunchTests.swift */,
			);
			path = chuggachuggaUITests;
			sourceTree = "<group>";
		};
/* End PBXGroup section */

/* Begin PBXNativeTarget section */
		1F7DFC452C951F71001965FC /* chuggachugga */ = {
			isa = PBXNativeTarget;
			buildConfigurationList = 1F7DFC6A2C951F74001965FC /* Build configuration list for PBXNativeTarget "chuggachugga" */;
			buildPhases = (
				1F7DFC422C951F71001965FC /* Sources */,
				1F7DFC432C951F71001965FC /* Frameworks */,
				1F7DFC442C951F71001965FC /* Resources */,
			);
			buildRules = (
			);
			dependencies = (
			);
			name = chuggachugga;
			productName = chuggachugga;
			productReference = 1F7DFC462C951F71001965FC /* chuggachugga.app */;
			productType = "com.apple.product-type.application";
		};
		1F7DFC552C951F74001965FC /* chuggachuggaTests */ = {
			isa = PBXNativeTarget;
			buildConfigurationList = 1F7DFC6D2C951F74001965FC /* Build configuration list for PBXNativeTarget "chuggachuggaTests" */;
			buildPhases = (
				1F7DFC522C951F74001965FC /* Sources */,
				1F7DFC532C951F74001965FC /* Frameworks */,
				1F7DFC542C951F74001965FC /* Resources */,
			);
			buildRules = (
			);
			dependencies = (
				1F7DFC582C951F74001965FC /* PBXTargetDependency */,
			);
			name = chuggachuggaTests;
			productName = chuggachuggaTests;
			productReference = 1F7DFC562C951F74001965FC /* chuggachuggaTests.xctest */;
			productType = "com.apple.product-type.bundle.unit-test";
		};
		1F7DFC5F2C951F74001965FC /* chuggachuggaUITests */ = {
			isa = PBXNativeTarget;
			buildConfigurationList = 1F7DFC702C951F74001965FC /* Build configuration list for PBXNativeTarget "chuggachuggaUITests" */;
			buildPhases = (
				1F7DFC5C2C951F74001965FC /* Sources */,
				1F7DFC5D2C951F74001965FC /* Frameworks */,
				1F7DFC5E2C951F74001965FC /* Resources */,
			);
			buildRules = (
			);
			dependencies = (
				1F7DFC622C951F74001965FC /* PBXTargetDependency */,
			);
			name = chuggachuggaUITests;
			productName = chuggachuggaUITests;
			productReference = 1F7DFC602C951F74001965FC /* chuggachuggaUITests.xctest */;
			productType = "com.apple.product-type.bundle.ui-testing";
		};
/* End PBXNativeTarget section */

/* Begin PBXProject section */
		1F7DFC3E2C951F71001965FC /* Project object */ = {
			isa = PBXProject;
			attributes = {
				BuildIndependentTargetsInParallel = 1;
				LastSwiftUpdateCheck = 1540;
				LastUpgradeCheck = 1540;
				TargetAttributes = {
					1F7DFC452C951F71001965FC = {
						CreatedOnToolsVersion = 15.4;
					};
					1F7DFC552C951F74001965FC = {
						CreatedOnToolsVersion = 15.4;
						TestTargetID = 1F7DFC452C951F71001965FC;
					};
					1F7DFC5F2C951F74001965FC = {
						CreatedOnToolsVersion = 15.4;
						TestTargetID = 1F7DFC452C951F71001965FC;
					};
				};
			};
			buildConfigurationList = 1F7DFC412C951F71001965FC /* Build configuration list for PBXProject "chuggachugga" */;
			compatibilityVersion = "Xcode 14.0";
			developmentRegion = en;
			hasScannedForEncodings = 0;
			knownRegions = (
				en,
				Base,
			);
			mainGroup = 1F7DFC3D2C951F70001965FC;
			productRefGroup = 1F7DFC472C951F71001965FC /* Products */;
			projectDirPath = "";
			projectRoot = "";
			targets = (
				1F7DFC452C951F71001965FC /* chuggachugga */,
				1F7DFC552C951F74001965FC /* chuggachuggaTests */,
				1F7DFC5F2C951F74001965FC /* chuggachuggaUITests */,
			);
		};
/* End PBXProject section */

/* Begin PBXResourcesBuildPhase section */
		1F7DFC442C951F71001965FC /* Resources */ = {
			isa = PBXResourcesBuildPhase;
			buildActionMask = 2147483647;
			files = (
				1F7DFC512C951F74001965FC /* Preview Assets.xcassets in Resources */,
				1F7DFC4E2C951F74001965FC /* Assets.xcassets in Resources */,
			);
			runOnlyForDeploymentPostprocessing = 0;
		};
		1F7DFC542C951F74001965FC /* Resources */ = {
			isa = PBXResourcesBuildPhase;
			buildActionMask = 2147483647;
			files = (
			);
			runOnlyForDeploymentPostprocessing = 0;
		};
		1F7DFC5E2C951F74001965FC /* Resources */ = {
			isa = PBXResourcesBuildPhase;
			buildActionMask = 2147483647;
			files = (
			);
			runOnlyForDeploymentPostprocessing = 0;
		};
/* End PBXResourcesBuildPhase section */

/* Begin PBXSourcesBuildPhase section */
		1F7DFC422C951F71001965FC /* Sources */ = {
			isa = PBXSourcesBuildPhase;
			buildActionMask = 2147483647;
			files = (
				23A40A312C95F09A00D05746 /* PlayerSettings.swift in Sources */,
				23A40A322C95F09A00D05746 /* PlayersView.swift in Sources */,
				23A40A332C95F09A00D05746 /* GamesView.swift in Sources */,
				23A40A342C95F09A00D05746 /* PlayerScoresView.swift in Sources */,
				23A40A352C95F09A00D05746 /* CameraView.swift in Sources */,
				1F7DFC4C2C951F71001965FC /* ContentView.swift in Sources */,
				1F7DFC4A2C951F71001965FC /* chuggachuggaApp.swift in Sources */,
				23A40A7A2C9657EF00D05746 /* CameraViewController.swift in Sources */,
			);
			runOnlyForDeploymentPostprocessing = 0;
		};
		1F7DFC522C951F74001965FC /* Sources */ = {
			isa = PBXSourcesBuildPhase;
			buildActionMask = 2147483647;
			files = (
				1F7DFC5B2C951F74001965FC /* chuggachuggaTests.swift in Sources */,
			);
			runOnlyForDeploymentPostprocessing = 0;
		};
		1F7DFC5C2C951F74001965FC /* Sources */ = {
			isa = PBXSourcesBuildPhase;
			buildActionMask = 2147483647;
			files = (
				1F7DFC672C951F74001965FC /* chuggachuggaUITestsLaunchTests.swift in Sources */,
				1F7DFC652C951F74001965FC /* chuggachuggaUITests.swift in Sources */,
			);
			runOnlyForDeploymentPostprocessing = 0;
		};
/* End PBXSourcesBuildPhase section */

/* Begin PBXTargetDependency section */
		1F7DFC582C951F74001965FC /* PBXTargetDependency */ = {
			isa = PBXTargetDependency;
			target = 1F7DFC452C951F71001965FC /* chuggachugga */;
			targetProxy = 1F7DFC572C951F74001965FC /* PBXContainerItemProxy */;
		};
		1F7DFC622C951F74001965FC /* PBXTargetDependency */ = {
			isa = PBXTargetDependency;
			target = 1F7DFC452C951F71001965FC /* chuggachugga */;
			targetProxy = 1F7DFC612C951F74001965FC /* PBXContainerItemProxy */;
		};
/* End PBXTargetDependency section */

/* Begin XCBuildConfiguration section */
		1F7DFC682C951F74001965FC /* Debug */ = {
			isa = XCBuildConfiguration;
			buildSettings = {
				ALWAYS_SEARCH_USER_PATHS = NO;
				ASSETCATALOG_COMPILER_GENERATE_SWIFT_ASSET_SYMBOL_EXTENSIONS = YES;
				CLANG_ANALYZER_NONNULL = YES;
				CLANG_ANALYZER_NUMBER_OBJECT_CONVERSION = YES_AGGRESSIVE;
				CLANG_CXX_LANGUAGE_STANDARD = "gnu++20";
				CLANG_ENABLE_MODULES = YES;
				CLANG_ENABLE_OBJC_ARC = YES;
				CLANG_ENABLE_OBJC_WEAK = YES;
				CLANG_WARN_BLOCK_CAPTURE_AUTORELEASING = YES;
				CLANG_WARN_BOOL_CONVERSION = YES;
				CLANG_WARN_COMMA = YES;
				CLANG_WARN_CONSTANT_CONVERSION = YES;
				CLANG_WARN_DEPRECATED_OBJC_IMPLEMENTATIONS = YES;
				CLANG_WARN_DIRECT_OBJC_ISA_USAGE = YES_ERROR;
				CLANG_WARN_DOCUMENTATION_COMMENTS = YES;
				CLANG_WARN_EMPTY_BODY = YES;
				CLANG_WARN_ENUM_CONVERSION = YES;
				CLANG_WARN_INFINITE_RECURSION = YES;
				CLANG_WARN_INT_CONVERSION = YES;
				CLANG_WARN_NON_LITERAL_NULL_CONVERSION = YES;
				CLANG_WARN_OBJC_IMPLICIT_RETAIN_SELF = YES;
				CLANG_WARN_OBJC_LITERAL_CONVERSION = YES;
				CLANG_WARN_OBJC_ROOT_CLASS = YES_ERROR;
				CLANG_WARN_QUOTED_INCLUDE_IN_FRAMEWORK_HEADER = YES;
				CLANG_WARN_RANGE_LOOP_ANALYSIS = YES;
				CLANG_WARN_STRICT_PROTOTYPES = YES;
				CLANG_WARN_SUSPICIOUS_MOVE = YES;
				CLANG_WARN_UNGUARDED_AVAILABILITY = YES_AGGRESSIVE;
				CLANG_WARN_UNREACHABLE_CODE = YES;
				CLANG_WARN__DUPLICATE_METHOD_MATCH = YES;
				COPY_PHASE_STRIP = NO;
				DEBUG_INFORMATION_FORMAT = dwarf;
				ENABLE_STRICT_OBJC_MSGSEND = YES;
				ENABLE_TESTABILITY = YES;
				ENABLE_USER_SCRIPT_SANDBOXING = YES;
				GCC_C_LANGUAGE_STANDARD = gnu17;
				GCC_DYNAMIC_NO_PIC = NO;
				GCC_NO_COMMON_BLOCKS = YES;
				GCC_OPTIMIZATION_LEVEL = 0;
				GCC_PREPROCESSOR_DEFINITIONS = (
					"DEBUG=1",
					"$(inherited)",
				);
				GCC_WARN_64_TO_32_BIT_CONVERSION = YES;
				GCC_WARN_ABOUT_RETURN_TYPE = YES_ERROR;
				GCC_WARN_UNDECLARED_SELECTOR = YES;
				GCC_WARN_UNINITIALIZED_AUTOS = YES_AGGRESSIVE;
				GCC_WARN_UNUSED_FUNCTION = YES;
				GCC_WARN_UNUSED_VARIABLE = YES;
				IPHONEOS_DEPLOYMENT_TARGET = 17.5;
				LOCALIZATION_PREFERS_STRING_CATALOGS = YES;
				MTL_ENABLE_DEBUG_INFO = INCLUDE_SOURCE;
				MTL_FAST_MATH = YES;
				ONLY_ACTIVE_ARCH = YES;
				SDKROOT = iphoneos;
				SWIFT_ACTIVE_COMPILATION_CONDITIONS = "DEBUG $(inherited)";
				SWIFT_OPTIMIZATION_LEVEL = "-Onone";
			};
			name = Debug;
		};
		1F7DFC692C951F74001965FC /* Release */ = {
			isa = XCBuildConfiguration;
			buildSettings = {
				ALWAYS_SEARCH_USER_PATHS = NO;
				ASSETCATALOG_COMPILER_GENERATE_SWIFT_ASSET_SYMBOL_EXTENSIONS = YES;
				CLANG_ANALYZER_NONNULL = YES;
				CLANG_ANALYZER_NUMBER_OBJECT_CONVERSION = YES_AGGRESSIVE;
				CLANG_CXX_LANGUAGE_STANDARD = "gnu++20";
				CLANG_ENABLE_MODULES = YES;
				CLANG_ENABLE_OBJC_ARC = YES;
				CLANG_ENABLE_OBJC_WEAK = YES;
				CLANG_WARN_BLOCK_CAPTURE_AUTORELEASING = YES;
				CLANG_WARN_BOOL_CONVERSION = YES;
				CLANG_WARN_COMMA = YES;
				CLANG_WARN_CONSTANT_CONVERSION = YES;
				CLANG_WARN_DEPRECATED_OBJC_IMPLEMENTATIONS = YES;
				CLANG_WARN_DIRECT_OBJC_ISA_USAGE = YES_ERROR;
				CLANG_WARN_DOCUMENTATION_COMMENTS = YES;
				CLANG_WARN_EMPTY_BODY = YES;
				CLANG_WARN_ENUM_CONVERSION = YES;
				CLANG_WARN_INFINITE_RECURSION = YES;
				CLANG_WARN_INT_CONVERSION = YES;
				CLANG_WARN_NON_LITERAL_NULL_CONVERSION = YES;
				CLANG_WARN_OBJC_IMPLICIT_RETAIN_SELF = YES;
				CLANG_WARN_OBJC_LITERAL_CONVERSION = YES;
				CLANG_WARN_OBJC_ROOT_CLASS = YES_ERROR;
				CLANG_WARN_QUOTED_INCLUDE_IN_FRAMEWORK_HEADER = YES;
				CLANG_WARN_RANGE_LOOP_ANALYSIS = YES;
				CLANG_WARN_STRICT_PROTOTYPES = YES;
				CLANG_WARN_SUSPICIOUS_MOVE = YES;
				CLANG_WARN_UNGUARDED_AVAILABILITY = YES_AGGRESSIVE;
				CLANG_WARN_UNREACHABLE_CODE = YES;
				CLANG_WARN__DUPLICATE_METHOD_MATCH = YES;
				COPY_PHASE_STRIP = NO;
				DEBUG_INFORMATION_FORMAT = "dwarf-with-dsym";
				ENABLE_NS_ASSERTIONS = NO;
				ENABLE_STRICT_OBJC_MSGSEND = YES;
				ENABLE_USER_SCRIPT_SANDBOXING = YES;
				GCC_C_LANGUAGE_STANDARD = gnu17;
				GCC_NO_COMMON_BLOCKS = YES;
				GCC_WARN_64_TO_32_BIT_CONVERSION = YES;
				GCC_WARN_ABOUT_RETURN_TYPE = YES_ERROR;
				GCC_WARN_UNDECLARED_SELECTOR = YES;
				GCC_WARN_UNINITIALIZED_AUTOS = YES_AGGRESSIVE;
				GCC_WARN_UNUSED_FUNCTION = YES;
				GCC_WARN_UNUSED_VARIABLE = YES;
				IPHONEOS_DEPLOYMENT_TARGET = 17.5;
				LOCALIZATION_PREFERS_STRING_CATALOGS = YES;
				MTL_ENABLE_DEBUG_INFO = NO;
				MTL_FAST_MATH = YES;
				SDKROOT = iphoneos;
				SWIFT_COMPILATION_MODE = wholemodule;
				VALIDATE_PRODUCT = YES;
			};
			name = Release;
		};
		1F7DFC6B2C951F74001965FC /* Debug */ = {
			isa = XCBuildConfiguration;
			buildSettings = {
				ASSETCATALOG_COMPILER_APPICON_NAME = AppIcon;
				ASSETCATALOG_COMPILER_GLOBAL_ACCENT_COLOR_NAME = AccentColor;
				CODE_SIGN_STYLE = Automatic;
				CURRENT_PROJECT_VERSION = 1;
				DEVELOPMENT_ASSET_PATHS = "\"chuggachugga/Preview Content\"";
				DEVELOPMENT_TEAM = GMJ72T2QYS;
				ENABLE_PREVIEWS = YES;
				GENERATE_INFOPLIST_FILE = YES;
				INFOPLIST_FILE = chuggachugga/Info.plist;
				INFOPLIST_KEY_NSCameraUsageDescription = "Camera will be in use";
				INFOPLIST_KEY_NSPhotoLibraryAddUsageDescription = "Domino pictures may be added";
				INFOPLIST_KEY_NSPhotoLibraryUsageDescription = "Domino pictures may be stored";
				INFOPLIST_KEY_UIApplicationSceneManifest_Generation = YES;
				INFOPLIST_KEY_UIApplicationSupportsIndirectInputEvents = YES;
				INFOPLIST_KEY_UILaunchScreen_Generation = YES;
				INFOPLIST_KEY_UISupportedInterfaceOrientations_iPad = "UIInterfaceOrientationPortrait UIInterfaceOrientationPortraitUpsideDown UIInterfaceOrientationLandscapeLeft UIInterfaceOrientationLandscapeRight";
				INFOPLIST_KEY_UISupportedInterfaceOrientations_iPhone = "UIInterfaceOrientationPortrait UIInterfaceOrientationLandscapeLeft UIInterfaceOrientationLandscapeRight";
				LD_RUNPATH_SEARCH_PATHS = (
					"$(inherited)",
					"@executable_path/Frameworks",
				);
				MARKETING_VERSION = 1.0;
				PRODUCT_BUNDLE_IDENTIFIER = T.chuggachugga;
				PRODUCT_NAME = "$(TARGET_NAME)";
				SWIFT_EMIT_LOC_STRINGS = YES;
				SWIFT_VERSION = 5.0;
				TARGETED_DEVICE_FAMILY = "1,2";
			};
			name = Debug;
		};
		1F7DFC6C2C951F74001965FC /* Release */ = {
			isa = XCBuildConfiguration;
			buildSettings = {
				ASSETCATALOG_COMPILER_APPICON_NAME = AppIcon;
				ASSETCATALOG_COMPILER_GLOBAL_ACCENT_COLOR_NAME = AccentColor;
				CODE_SIGN_STYLE = Automatic;
				CURRENT_PROJECT_VERSION = 1;
				DEVELOPMENT_ASSET_PATHS = "\"chuggachugga/Preview Content\"";
				DEVELOPMENT_TEAM = GMJ72T2QYS;
				ENABLE_PREVIEWS = YES;
				GENERATE_INFOPLIST_FILE = YES;
				INFOPLIST_FILE = chuggachugga/Info.plist;
				INFOPLIST_KEY_NSCameraUsageDescription = "Camera will be in use";
				INFOPLIST_KEY_NSPhotoLibraryAddUsageDescription = "Domino pictures may be added";
				INFOPLIST_KEY_NSPhotoLibraryUsageDescription = "Domino pictures may be stored";
				INFOPLIST_KEY_UIApplicationSceneManifest_Generation = YES;
				INFOPLIST_KEY_UIApplicationSupportsIndirectInputEvents = YES;
				INFOPLIST_KEY_UILaunchScreen_Generation = YES;
				INFOPLIST_KEY_UISupportedInterfaceOrientations_iPad = "UIInterfaceOrientationPortrait UIInterfaceOrientationPortraitUpsideDown UIInterfaceOrientationLandscapeLeft UIInterfaceOrientationLandscapeRight";
				INFOPLIST_KEY_UISupportedInterfaceOrientations_iPhone = "UIInterfaceOrientationPortrait UIInterfaceOrientationLandscapeLeft UIInterfaceOrientationLandscapeRight";
				LD_RUNPATH_SEARCH_PATHS = (
					"$(inherited)",
					"@executable_path/Frameworks",
				);
				MARKETING_VERSION = 1.0;
				PRODUCT_BUNDLE_IDENTIFIER = T.chuggachugga;
				PRODUCT_NAME = "$(TARGET_NAME)";
				SWIFT_EMIT_LOC_STRINGS = YES;
				SWIFT_VERSION = 5.0;
				TARGETED_DEVICE_FAMILY = "1,2";
			};
			name = Release;
		};
		1F7DFC6E2C951F74001965FC /* Debug */ = {
			isa = XCBuildConfiguration;
			buildSettings = {
				ALWAYS_EMBED_SWIFT_STANDARD_LIBRARIES = YES;
				BUNDLE_LOADER = "$(TEST_HOST)";
				CODE_SIGN_STYLE = Automatic;
				CURRENT_PROJECT_VERSION = 1;
				GENERATE_INFOPLIST_FILE = YES;
				IPHONEOS_DEPLOYMENT_TARGET = 17.5;
				MARKETING_VERSION = 1.0;
				PRODUCT_BUNDLE_IDENTIFIER = T.chuggachuggaTests;
				PRODUCT_NAME = "$(TARGET_NAME)";
				SWIFT_EMIT_LOC_STRINGS = NO;
				SWIFT_VERSION = 5.0;
				TARGETED_DEVICE_FAMILY = "1,2";
				TEST_HOST = "$(BUILT_PRODUCTS_DIR)/chuggachugga.app/$(BUNDLE_EXECUTABLE_FOLDER_PATH)/chuggachugga";
			};
			name = Debug;
		};
		1F7DFC6F2C951F74001965FC /* Release */ = {
			isa = XCBuildConfiguration;
			buildSettings = {
				ALWAYS_EMBED_SWIFT_STANDARD_LIBRARIES = YES;
				BUNDLE_LOADER = "$(TEST_HOST)";
				CODE_SIGN_STYLE = Automatic;
				CURRENT_PROJECT_VERSION = 1;
				GENERATE_INFOPLIST_FILE = YES;
				IPHONEOS_DEPLOYMENT_TARGET = 17.5;
				MARKETING_VERSION = 1.0;
				PRODUCT_BUNDLE_IDENTIFIER = T.chuggachuggaTests;
				PRODUCT_NAME = "$(TARGET_NAME)";
				SWIFT_EMIT_LOC_STRINGS = NO;
				SWIFT_VERSION = 5.0;
				TARGETED_DEVICE_FAMILY = "1,2";
				TEST_HOST = "$(BUILT_PRODUCTS_DIR)/chuggachugga.app/$(BUNDLE_EXECUTABLE_FOLDER_PATH)/chuggachugga";
			};
			name = Release;
		};
		1F7DFC712C951F74001965FC /* Debug */ = {
			isa = XCBuildConfiguration;
			buildSettings = {
				ALWAYS_EMBED_SWIFT_STANDARD_LIBRARIES = YES;
				CODE_SIGN_STYLE = Automatic;
				CURRENT_PROJECT_VERSION = 1;
				GENERATE_INFOPLIST_FILE = YES;
				MARKETING_VERSION = 1.0;
				PRODUCT_BUNDLE_IDENTIFIER = T.chuggachuggaUITests;
				PRODUCT_NAME = "$(TARGET_NAME)";
				SWIFT_EMIT_LOC_STRINGS = NO;
				SWIFT_VERSION = 5.0;
				TARGETED_DEVICE_FAMILY = "1,2";
				TEST_TARGET_NAME = chuggachugga;
			};
			name = Debug;
		};
		1F7DFC722C951F74001965FC /* Release */ = {
			isa = XCBuildConfiguration;
			buildSettings = {
				ALWAYS_EMBED_SWIFT_STANDARD_LIBRARIES = YES;
				CODE_SIGN_STYLE = Automatic;
				CURRENT_PROJECT_VERSION = 1;
				GENERATE_INFOPLIST_FILE = YES;
				MARKETING_VERSION = 1.0;
				PRODUCT_BUNDLE_IDENTIFIER = T.chuggachuggaUITests;
				PRODUCT_NAME = "$(TARGET_NAME)";
				SWIFT_EMIT_LOC_STRINGS = NO;
				SWIFT_VERSION = 5.0;
				TARGETED_DEVICE_FAMILY = "1,2";
				TEST_TARGET_NAME = chuggachugga;
			};
			name = Release;
		};
/* End XCBuildConfiguration section */

/* Begin XCConfigurationList section */
		1F7DFC412C951F71001965FC /* Build configuration list for PBXProject "chuggachugga" */ = {
			isa = XCConfigurationList;
			buildConfigurations = (
				1F7DFC682C951F74001965FC /* Debug */,
				1F7DFC692C951F74001965FC /* Release */,
			);
			defaultConfigurationIsVisible = 0;
			defaultConfigurationName = Release;
		};
		1F7DFC6A2C951F74001965FC /* Build configuration list for PBXNativeTarget "chuggachugga" */ = {
			isa = XCConfigurationList;
			buildConfigurations = (
				1F7DFC6B2C951F74001965FC /* Debug */,
				1F7DFC6C2C951F74001965FC /* Release */,
			);
			defaultConfigurationIsVisible = 0;
			defaultConfigurationName = Release;
		};
		1F7DFC6D2C951F74001965FC /* Build configuration list for PBXNativeTarget "chuggachuggaTests" */ = {
			isa = XCConfigurationList;
			buildConfigurations = (
				1F7DFC6E2C951F74001965FC /* Debug */,
				1F7DFC6F2C951F74001965FC /* Release */,
			);
			defaultConfigurationIsVisible = 0;
			defaultConfigurationName = Release;
		};
		1F7DFC702C951F74001965FC /* Build configuration list for PBXNativeTarget "chuggachuggaUITests" */ = {
			isa = XCConfigurationList;
			buildConfigurations = (
				1F7DFC712C951F74001965FC /* Debug */,
				1F7DFC722C951F74001965FC /* Release */,
			);
			defaultConfigurationIsVisible = 0;
			defaultConfigurationName = Release;
		};
/* End XCConfigurationList section */
	};
	rootObject = 1F7DFC3E2C951F71001965FC /* Project object */;
}
